
Microsoft Visual Studio Solution File, Format Version 12.00
# Visual Studio 15
VisualStudioVersion = 15.0.28307.572
MinimumVisualStudioVersion = 10.0.40219.1
Project("{8BC9CEB8-8B4A-11D0-8D11-00A0C91BC942}") = "8338계산기c++", "8338계산기c++\8338계산기c++.vcxproj", "{062F9E0B-7C31-40F9-8DFA-B0AF1AC3FF26}"
EndProject
Project("{8BC9CEB8-8B4A-11D0-8D11-00A0C91BC942}") = "7272안경이없어c++", "7272안경이없어c++\7272안경이없어c++.vcxproj", "{FFEEC324-B18E-4640-A93B-AA04C19ED9B3}"
EndProject
Project("{8BC9CEB8-8B4A-11D0-8D11-00A0C91BC942}") = "8457알덴테스파게티c++", "8457알덴테스파게티c++\8457알덴테스파게티c++.vcxproj", "{1D68A737-F9A8-4257-A79B-3627EC038E2C}"
EndProject
Project("{2150E333-8FDC-42A3-9474-1A3956D46DE8}") = "Solution Items", "Solution Items", "{F928185E-C6B3-48FE-89C7-DD2CCAF49913}"
	ProjectSection(SolutionItems) = preProject
		console.props = console.props
	EndProjectSection
EndProject
Project("{8BC9CEB8-8B4A-11D0-8D11-00A0C91BC942}") = "8658Summationc++", "8658Summationc++\8658Summationc++.vcxproj", "{160E31C2-EAE3-438D-A4A8-E6D492AB0F80}"
EndProject
Project("{8BC9CEB8-8B4A-11D0-8D11-00A0C91BC942}") = "2817부분수열의합c++", "2817부분수열의합c++\2817부분수열의합c++.vcxproj", "{7925EB82-EF98-4CDF-8F7D-BFCAD1972F1E}"
EndProject
Project("{8BC9CEB8-8B4A-11D0-8D11-00A0C91BC942}") = "2805농작물수확하기c++", "2805농작물수확하기c++\2805농작물수확하기c++.vcxproj", "{AA3D5CE2-3D5E-4B36-B65A-C16EB36DC9AC}"
EndProject
Global
	GlobalSection(SolutionConfigurationPlatforms) = preSolution
		Debug|x64 = Debug|x64
		Debug|x86 = Debug|x86
		Release|x64 = Release|x64
		Release|x86 = Release|x86
	EndGlobalSection
	GlobalSection(ProjectConfigurationPlatforms) = postSolution
		{062F9E0B-7C31-40F9-8DFA-B0AF1AC3FF26}.Debug|x64.ActiveCfg = Debug|x64
		{062F9E0B-7C31-40F9-8DFA-B0AF1AC3FF26}.Debug|x64.Build.0 = Debug|x64
		{062F9E0B-7C31-40F9-8DFA-B0AF1AC3FF26}.Debug|x86.ActiveCfg = Debug|Win32
		{062F9E0B-7C31-40F9-8DFA-B0AF1AC3FF26}.Debug|x86.Build.0 = Debug|Win32
		{062F9E0B-7C31-40F9-8DFA-B0AF1AC3FF26}.Release|x64.ActiveCfg = Release|x64
		{062F9E0B-7C31-40F9-8DFA-B0AF1AC3FF26}.Release|x64.Build.0 = Release|x64
		{062F9E0B-7C31-40F9-8DFA-B0AF1AC3FF26}.Release|x86.ActiveCfg = Release|Win32
		{062F9E0B-7C31-40F9-8DFA-B0AF1AC3FF26}.Release|x86.Build.0 = Release|Win32
		{FFEEC324-B18E-4640-A93B-AA04C19ED9B3}.Debug|x64.ActiveCfg = Debug|x64
		{FFEEC324-B18E-4640-A93B-AA04C19ED9B3}.Debug|x64.Build.0 = Debug|x64
		{FFEEC324-B18E-4640-A93B-AA04C19ED9B3}.Debug|x86.ActiveCfg = Debug|Win32
		{FFEEC324-B18E-4640-A93B-AA04C19ED9B3}.Debug|x86.Build.0 = Debug|Win32
		{FFEEC324-B18E-4640-A93B-AA04C19ED9B3}.Release|x64.ActiveCfg = Release|x64
		{FFEEC324-B18E-4640-A93B-AA04C19ED9B3}.Release|x64.Build.0 = Release|x64
		{FFEEC324-B18E-4640-A93B-AA04C19ED9B3}.Release|x86.ActiveCfg = Release|Win32
		{FFEEC324-B18E-4640-A93B-AA04C19ED9B3}.Release|x86.Build.0 = Release|Win32
		{1D68A737-F9A8-4257-A79B-3627EC038E2C}.Debug|x64.ActiveCfg = Debug|x64
		{1D68A737-F9A8-4257-A79B-3627EC038E2C}.Debug|x64.Build.0 = Debug|x64
		{1D68A737-F9A8-4257-A79B-3627EC038E2C}.Debug|x86.ActiveCfg = Debug|Win32
		{1D68A737-F9A8-4257-A79B-3627EC038E2C}.Debug|x86.Build.0 = Debug|Win32
		{1D68A737-F9A8-4257-A79B-3627EC038E2C}.Release|x64.ActiveCfg = Release|x64
		{1D68A737-F9A8-4257-A79B-3627EC038E2C}.Release|x64.Build.0 = Release|x64
		{1D68A737-F9A8-4257-A79B-3627EC038E2C}.Release|x86.ActiveCfg = Release|Win32
		{1D68A737-F9A8-4257-A79B-3627EC038E2C}.Release|x86.Build.0 = Release|Win32
		{160E31C2-EAE3-438D-A4A8-E6D492AB0F80}.Debug|x64.ActiveCfg = Debug|x64
		{160E31C2-EAE3-438D-A4A8-E6D492AB0F80}.Debug|x64.Build.0 = Debug|x64
		{160E31C2-EAE3-438D-A4A8-E6D492AB0F80}.Debug|x86.ActiveCfg = Debug|Win32
		{160E31C2-EAE3-438D-A4A8-E6D492AB0F80}.Debug|x86.Build.0 = Debug|Win32
		{160E31C2-EAE3-438D-A4A8-E6D492AB0F80}.Release|x64.ActiveCfg = Release|x64
		{160E31C2-EAE3-438D-A4A8-E6D492AB0F80}.Release|x64.Build.0 = Release|x64
		{160E31C2-EAE3-438D-A4A8-E6D492AB0F80}.Release|x86.ActiveCfg = Release|Win32
		{160E31C2-EAE3-438D-A4A8-E6D492AB0F80}.Release|x86.Build.0 = Release|Win32
		{7925EB82-EF98-4CDF-8F7D-BFCAD1972F1E}.Debug|x64.ActiveCfg = Debug|x64
		{7925EB82-EF98-4CDF-8F7D-BFCAD1972F1E}.Debug|x64.Build.0 = Debug|x64
		{7925EB82-EF98-4CDF-8F7D-BFCAD1972F1E}.Debug|x86.ActiveCfg = Debug|Win32
		{7925EB82-EF98-4CDF-8F7D-BFCAD1972F1E}.Debug|x86.Build.0 = Debug|Win32
		{7925EB82-EF98-4CDF-8F7D-BFCAD1972F1E}.Release|x64.ActiveCfg = Release|x64
		{7925EB82-EF98-4CDF-8F7D-BFCAD1972F1E}.Release|x64.Build.0 = Release|x64
		{7925EB82-EF98-4CDF-8F7D-BFCAD1972F1E}.Release|x86.ActiveCfg = Release|Win32
		{7925EB82-EF98-4CDF-8F7D-BFCAD1972F1E}.Release|x86.Build.0 = Release|Win32
		{AA3D5CE2-3D5E-4B36-B65A-C16EB36DC9AC}.Debug|x64.ActiveCfg = Debug|x64
		{AA3D5CE2-3D5E-4B36-B65A-C16EB36DC9AC}.Debug|x64.Build.0 = Debug|x64
		{AA3D5CE2-3D5E-4B36-B65A-C16EB36DC9AC}.Debug|x86.ActiveCfg = Debug|Win32
		{AA3D5CE2-3D5E-4B36-B65A-C16EB36DC9AC}.Debug|x86.Build.0 = Debug|Win32
		{AA3D5CE2-3D5E-4B36-B65A-C16EB36DC9AC}.Release|x64.ActiveCfg = Release|x64
		{AA3D5CE2-3D5E-4B36-B65A-C16EB36DC9AC}.Release|x64.Build.0 = Release|x64
		{AA3D5CE2-3D5E-4B36-B65A-C16EB36DC9AC}.Release|x86.ActiveCfg = Release|Win32
		{AA3D5CE2-3D5E-4B36-B65A-C16EB36DC9AC}.Release|x86.Build.0 = Release|Win32
	EndGlobalSection
	GlobalSection(SolutionProperties) = preSolution
		HideSolutionNode = FALSE
	EndGlobalSection
	GlobalSection(ExtensibilityGlobals) = postSolution
		SolutionGuid = {A6AC491F-576F-4BD6-90C1-F1F1526F89B6}
	EndGlobalSection
EndGlobal
