
Microsoft Visual Studio Solution File, Format Version 12.00
# Visual Studio 15
VisualStudioVersion = 15.0.28307.572
MinimumVisualStudioVersion = 10.0.40219.1
Project("{8BC9CEB8-8B4A-11D0-8D11-00A0C91BC942}") = "10989c++", "10989c++.vcxproj", "{047425A5-F2F8-460C-A638-69D80D121665}"
EndProject
Global
	GlobalSection(SolutionConfigurationPlatforms) = preSolution
		Debug|x64 = Debug|x64
		Debug|x86 = Debug|x86
		Release|x64 = Release|x64
		Release|x86 = Release|x86
	EndGlobalSection
	GlobalSection(ProjectConfigurationPlatforms) = postSolution
		{047425A5-F2F8-460C-A638-69D80D121665}.Debug|x64.ActiveCfg = Debug|x64
		{047425A5-F2F8-460C-A638-69D80D121665}.Debug|x64.Build.0 = Debug|x64
		{047425A5-F2F8-460C-A638-69D80D121665}.Debug|x86.ActiveCfg = Debug|Win32
		{047425A5-F2F8-460C-A638-69D80D121665}.Debug|x86.Build.0 = Debug|Win32
		{047425A5-F2F8-460C-A638-69D80D121665}.Release|x64.ActiveCfg = Release|x64
		{047425A5-F2F8-460C-A638-69D80D121665}.Release|x64.Build.0 = Release|x64
		{047425A5-F2F8-460C-A638-69D80D121665}.Release|x86.ActiveCfg = Release|Win32
		{047425A5-F2F8-460C-A638-69D80D121665}.Release|x86.Build.0 = Release|Win32
	EndGlobalSection
	GlobalSection(SolutionProperties) = preSolution
		HideSolutionNode = FALSE
	EndGlobalSection
	GlobalSection(ExtensibilityGlobals) = postSolution
		SolutionGuid = {1891E7B8-D069-4AE6-96B3-C85A6D2F9EF1}
	EndGlobalSection
EndGlobal
